
Microsoft Visual Studio Solution File, Format Version 12.00
# Visual Studio 15
VisualStudioVersion = 15.0.26730.12
MinimumVisualStudioVersion = 10.0.40219.1
Project("{FAE04EC0-301F-11D3-BF4B-00C04F79EFBC}") = "WebApiPoster", "WebApiPoster.csproj", "{8522CFE1-C984-42D6-B645-3D4D4B3F517B}"
EndProject
Project("{FAE04EC0-301F-11D3-BF4B-00C04F79EFBC}") = "LaunchCommand", "..\ConsoleApp1\LaunchCommand.csproj", "{96570BE4-896E-407B-9B47-0CA82D2E1585}"
EndProject
Global
	GlobalSection(SolutionConfigurationPlatforms) = preSolution
		Debug|Any CPU = Debug|Any CPU
		Release|Any CPU = Release|Any CPU
	EndGlobalSection
	GlobalSection(ProjectConfigurationPlatforms) = postSolution
		{8522CFE1-C984-42D6-B645-3D4D4B3F517B}.Debug|Any CPU.ActiveCfg = Debug|Any CPU
		{8522CFE1-C984-42D6-B645-3D4D4B3F517B}.Debug|Any CPU.Build.0 = Debug|Any CPU
		{8522CFE1-C984-42D6-B645-3D4D4B3F517B}.Release|Any CPU.ActiveCfg = Release|Any CPU
		{8522CFE1-C984-42D6-B645-3D4D4B3F517B}.Release|Any CPU.Build.0 = Release|Any CPU
		{96570BE4-896E-407B-9B47-0CA82D2E1585}.Debug|Any CPU.ActiveCfg = Debug|Any CPU
		{96570BE4-896E-407B-9B47-0CA82D2E1585}.Debug|Any CPU.Build.0 = Debug|Any CPU
		{96570BE4-896E-407B-9B47-0CA82D2E1585}.Release|Any CPU.ActiveCfg = Release|Any CPU
		{96570BE4-896E-407B-9B47-0CA82D2E1585}.Release|Any CPU.Build.0 = Release|Any CPU
	EndGlobalSection
	GlobalSection(SolutionProperties) = preSolution
		HideSolutionNode = FALSE
	EndGlobalSection
	GlobalSection(ExtensibilityGlobals) = postSolution
		SolutionGuid = {32AAA8A9-BEB8-46B7-8B72-5A6C6718A0F7}
	EndGlobalSection
EndGlobal
